
Microsoft Visual Studio Solution File, Format Version 12.00
# Visual Studio Version 17
VisualStudioVersion = 17.4.33213.308
MinimumVisualStudioVersion = 10.0.40219.1
Project("{9A19103F-16F7-4668-BE54-9A1E7A4F7556}") = "RedisObjNet", "RedisObjNet\RedisObjNet.csproj", "{A6530694-B970-4708-9211-37A9E84C9A43}"
EndProject
Project("{9A19103F-16F7-4668-BE54-9A1E7A4F7556}") = "RedisObjNet.ConsoleTest", "RedisObjNet.ConsoleTest\RedisObjNet.ConsoleTest.csproj", "{76B26E74-9DB2-4374-9275-4777FF74B18B}"
EndProject
Project("{FAE04EC0-301F-11D3-BF4B-00C04F79EFBC}") = "RedisObjNet.Test", "RedisObjNet.Test\RedisObjNet.Test.csproj", "{D7532148-F6E5-4338-BDF5-935B77689E59}"
EndProject
Global
	GlobalSection(SolutionConfigurationPlatforms) = preSolution
		Debug|Any CPU = Debug|Any CPU
		Release|Any CPU = Release|Any CPU
	EndGlobalSection
	GlobalSection(ProjectConfigurationPlatforms) = postSolution
		{A6530694-B970-4708-9211-37A9E84C9A43}.Debug|Any CPU.ActiveCfg = Debug|Any CPU
		{A6530694-B970-4708-9211-37A9E84C9A43}.Debug|Any CPU.Build.0 = Debug|Any CPU
		{A6530694-B970-4708-9211-37A9E84C9A43}.Release|Any CPU.ActiveCfg = Release|Any CPU
		{A6530694-B970-4708-9211-37A9E84C9A43}.Release|Any CPU.Build.0 = Release|Any CPU
		{76B26E74-9DB2-4374-9275-4777FF74B18B}.Debug|Any CPU.ActiveCfg = Debug|Any CPU
		{76B26E74-9DB2-4374-9275-4777FF74B18B}.Debug|Any CPU.Build.0 = Debug|Any CPU
		{76B26E74-9DB2-4374-9275-4777FF74B18B}.Release|Any CPU.ActiveCfg = Release|Any CPU
		{76B26E74-9DB2-4374-9275-4777FF74B18B}.Release|Any CPU.Build.0 = Release|Any CPU
		{D7532148-F6E5-4338-BDF5-935B77689E59}.Debug|Any CPU.ActiveCfg = Debug|Any CPU
		{D7532148-F6E5-4338-BDF5-935B77689E59}.Debug|Any CPU.Build.0 = Debug|Any CPU
		{D7532148-F6E5-4338-BDF5-935B77689E59}.Release|Any CPU.ActiveCfg = Release|Any CPU
		{D7532148-F6E5-4338-BDF5-935B77689E59}.Release|Any CPU.Build.0 = Release|Any CPU
	EndGlobalSection
	GlobalSection(SolutionProperties) = preSolution
		HideSolutionNode = FALSE
	EndGlobalSection
	GlobalSection(ExtensibilityGlobals) = postSolution
		SolutionGuid = {EC2C8780-32C2-48B4-9D92-1237ADA38021}
	EndGlobalSection
EndGlobal
